{
  "object": {
    "pins": [
      {
        "package": "Nuke",
        "repositoryURL": "https://github.com/kean/Nuke.git",
        "state": {
          "branch": null,
          "revision": "e2eb1b7b82983c6f6a2df496e850406a78cdef05",
          "version": "9.3.0"
        }
      }
    ]
  },
  "version": 1
}
